
Microsoft Visual Studio Solution File, Format Version 12.00
# Visual Studio 15
VisualStudioVersion = 15.0.26730.12
MinimumVisualStudioVersion = 10.0.40219.1
Project("{FAE04EC0-301F-11D3-BF4B-00C04F79EFBC}") = "xofz.Core", "xofz.Core\xofz.Core.csproj", "{5143497A-FADF-4E55-9168-B5EF936E0FBD}"
EndProject
Project("{FAE04EC0-301F-11D3-BF4B-00C04F79EFBC}") = "xofz.Core.Tests", "xofz.Core.Tests\xofz.Core.Tests.csproj", "{7B4155C6-28C6-4C26-BFC3-C3A329CFD92A}"
EndProject
Global
	GlobalSection(SolutionConfigurationPlatforms) = preSolution
		Debug|Any CPU = Debug|Any CPU
		Release|Any CPU = Release|Any CPU
	EndGlobalSection
	GlobalSection(ProjectConfigurationPlatforms) = postSolution
		{5143497A-FADF-4E55-9168-B5EF936E0FBD}.Debug|Any CPU.ActiveCfg = Debug|Any CPU
		{5143497A-FADF-4E55-9168-B5EF936E0FBD}.Debug|Any CPU.Build.0 = Debug|Any CPU
		{5143497A-FADF-4E55-9168-B5EF936E0FBD}.Release|Any CPU.ActiveCfg = Release|Any CPU
		{5143497A-FADF-4E55-9168-B5EF936E0FBD}.Release|Any CPU.Build.0 = Release|Any CPU
		{7B4155C6-28C6-4C26-BFC3-C3A329CFD92A}.Debug|Any CPU.ActiveCfg = Debug|Any CPU
		{7B4155C6-28C6-4C26-BFC3-C3A329CFD92A}.Debug|Any CPU.Build.0 = Debug|Any CPU
		{7B4155C6-28C6-4C26-BFC3-C3A329CFD92A}.Release|Any CPU.ActiveCfg = Release|Any CPU
		{7B4155C6-28C6-4C26-BFC3-C3A329CFD92A}.Release|Any CPU.Build.0 = Release|Any CPU
	EndGlobalSection
	GlobalSection(SolutionProperties) = preSolution
		HideSolutionNode = FALSE
	EndGlobalSection
	GlobalSection(ExtensibilityGlobals) = postSolution
		SolutionGuid = {7732817B-B508-4CFC-95CF-ABD256DE7F84}
	EndGlobalSection
EndGlobal
